
Microsoft Visual Studio Solution File, Format Version 12.00
# Visual Studio 2013
VisualStudioVersion = 12.0.31101.0
MinimumVisualStudioVersion = 10.0.40219.1
Project("{FAE04EC0-301F-11D3-BF4B-00C04F79EFBC}") = "HebrewReader", "HebrewReader\HebrewReader.csproj", "{A63D27CD-354C-4110-8922-E2C2C5392ED1}"
EndProject
Project("{FAE04EC0-301F-11D3-BF4B-00C04F79EFBC}") = "HebrewReaderGUI", "HebrewReaderGUI\HebrewReaderGUI.csproj", "{157439E7-A59E-421B-A12D-2737942F321F}"
EndProject
Global
	GlobalSection(SolutionConfigurationPlatforms) = preSolution
		Debug|Any CPU = Debug|Any CPU
		Release|Any CPU = Release|Any CPU
	EndGlobalSection
	GlobalSection(ProjectConfigurationPlatforms) = postSolution
		{A63D27CD-354C-4110-8922-E2C2C5392ED1}.Debug|Any CPU.ActiveCfg = Debug|Any CPU
		{A63D27CD-354C-4110-8922-E2C2C5392ED1}.Debug|Any CPU.Build.0 = Debug|Any CPU
		{A63D27CD-354C-4110-8922-E2C2C5392ED1}.Release|Any CPU.ActiveCfg = Release|Any CPU
		{A63D27CD-354C-4110-8922-E2C2C5392ED1}.Release|Any CPU.Build.0 = Release|Any CPU
		{157439E7-A59E-421B-A12D-2737942F321F}.Debug|Any CPU.ActiveCfg = Debug|Any CPU
		{157439E7-A59E-421B-A12D-2737942F321F}.Debug|Any CPU.Build.0 = Debug|Any CPU
		{157439E7-A59E-421B-A12D-2737942F321F}.Release|Any CPU.ActiveCfg = Release|Any CPU
		{157439E7-A59E-421B-A12D-2737942F321F}.Release|Any CPU.Build.0 = Release|Any CPU
	EndGlobalSection
	GlobalSection(SolutionProperties) = preSolution
		HideSolutionNode = FALSE
	EndGlobalSection
EndGlobal
